
Microsoft Visual Studio Solution File, Format Version 12.00
# Visual Studio 15
VisualStudioVersion = 15.0.27428.2015
MinimumVisualStudioVersion = 10.0.40219.1
Project("{FAE04EC0-301F-11D3-BF4B-00C04F79EFBC}") = "LibraryForUnitTestingBasics", "LibraryForUnitTestingBasics\LibraryForUnitTestingBasics.csproj", "{FE028F73-F38D-4199-B02F-3C768D72B78B}"
EndProject
Project("{FAE04EC0-301F-11D3-BF4B-00C04F79EFBC}") = "LibraryForUnitTestingBasicsTests", "LibraryForUnitTestingBasicsTests\LibraryForUnitTestingBasicsTests.csproj", "{EFCFA7EC-44B8-4CCA-B077-E3A70CB36755}"
EndProject
Project("{FAE04EC0-301F-11D3-BF4B-00C04F79EFBC}") = "LibraryForUnitTestingBasicsTestsMSTest", "LibraryForUnitTestingBasicsTests1\LibraryForUnitTestingBasicsTestsMSTest.csproj", "{1A2BCEE3-C8A8-4A2C-AA22-7CFB97060019}"
EndProject
Project("{FAE04EC0-301F-11D3-BF4B-00C04F79EFBC}") = "StubClassLibrary", "StubClassLibrary\StubClassLibrary.csproj", "{6EE9AC37-8B71-4820-995D-A1E7BF56C22B}"
EndProject
Project("{FAE04EC0-301F-11D3-BF4B-00C04F79EFBC}") = "StubClassLibraryTests", "StubClassLibraryTests\StubClassLibraryTests.csproj", "{A3717AB8-F7AC-4684-B33B-2A8744C796C2}"
EndProject
Project("{FAE04EC0-301F-11D3-BF4B-00C04F79EFBC}") = "MockClassLibrary", "MockClassLibrary\MockClassLibrary.csproj", "{3766527C-C363-4600-8DF7-086F9C5BC015}"
EndProject
Project("{FAE04EC0-301F-11D3-BF4B-00C04F79EFBC}") = "MockClassLibraryTests", "MockClassLibraryTests\MockClassLibraryTests.csproj", "{11CD2D90-DEDF-4940-BCF1-0815A544190D}"
EndProject
Global
	GlobalSection(SolutionConfigurationPlatforms) = preSolution
		Debug|Any CPU = Debug|Any CPU
		Release|Any CPU = Release|Any CPU
	EndGlobalSection
	GlobalSection(ProjectConfigurationPlatforms) = postSolution
		{FE028F73-F38D-4199-B02F-3C768D72B78B}.Debug|Any CPU.ActiveCfg = Debug|Any CPU
		{FE028F73-F38D-4199-B02F-3C768D72B78B}.Debug|Any CPU.Build.0 = Debug|Any CPU
		{FE028F73-F38D-4199-B02F-3C768D72B78B}.Release|Any CPU.ActiveCfg = Release|Any CPU
		{FE028F73-F38D-4199-B02F-3C768D72B78B}.Release|Any CPU.Build.0 = Release|Any CPU
		{EFCFA7EC-44B8-4CCA-B077-E3A70CB36755}.Debug|Any CPU.ActiveCfg = Debug|Any CPU
		{EFCFA7EC-44B8-4CCA-B077-E3A70CB36755}.Debug|Any CPU.Build.0 = Debug|Any CPU
		{EFCFA7EC-44B8-4CCA-B077-E3A70CB36755}.Release|Any CPU.ActiveCfg = Release|Any CPU
		{EFCFA7EC-44B8-4CCA-B077-E3A70CB36755}.Release|Any CPU.Build.0 = Release|Any CPU
		{1A2BCEE3-C8A8-4A2C-AA22-7CFB97060019}.Debug|Any CPU.ActiveCfg = Debug|Any CPU
		{1A2BCEE3-C8A8-4A2C-AA22-7CFB97060019}.Debug|Any CPU.Build.0 = Debug|Any CPU
		{1A2BCEE3-C8A8-4A2C-AA22-7CFB97060019}.Release|Any CPU.ActiveCfg = Release|Any CPU
		{1A2BCEE3-C8A8-4A2C-AA22-7CFB97060019}.Release|Any CPU.Build.0 = Release|Any CPU
		{6EE9AC37-8B71-4820-995D-A1E7BF56C22B}.Debug|Any CPU.ActiveCfg = Debug|Any CPU
		{6EE9AC37-8B71-4820-995D-A1E7BF56C22B}.Debug|Any CPU.Build.0 = Debug|Any CPU
		{6EE9AC37-8B71-4820-995D-A1E7BF56C22B}.Release|Any CPU.ActiveCfg = Release|Any CPU
		{6EE9AC37-8B71-4820-995D-A1E7BF56C22B}.Release|Any CPU.Build.0 = Release|Any CPU
		{A3717AB8-F7AC-4684-B33B-2A8744C796C2}.Debug|Any CPU.ActiveCfg = Debug|Any CPU
		{A3717AB8-F7AC-4684-B33B-2A8744C796C2}.Debug|Any CPU.Build.0 = Debug|Any CPU
		{A3717AB8-F7AC-4684-B33B-2A8744C796C2}.Release|Any CPU.ActiveCfg = Release|Any CPU
		{A3717AB8-F7AC-4684-B33B-2A8744C796C2}.Release|Any CPU.Build.0 = Release|Any CPU
		{3766527C-C363-4600-8DF7-086F9C5BC015}.Debug|Any CPU.ActiveCfg = Debug|Any CPU
		{3766527C-C363-4600-8DF7-086F9C5BC015}.Debug|Any CPU.Build.0 = Debug|Any CPU
		{3766527C-C363-4600-8DF7-086F9C5BC015}.Release|Any CPU.ActiveCfg = Release|Any CPU
		{3766527C-C363-4600-8DF7-086F9C5BC015}.Release|Any CPU.Build.0 = Release|Any CPU
		{11CD2D90-DEDF-4940-BCF1-0815A544190D}.Debug|Any CPU.ActiveCfg = Debug|Any CPU
		{11CD2D90-DEDF-4940-BCF1-0815A544190D}.Debug|Any CPU.Build.0 = Debug|Any CPU
		{11CD2D90-DEDF-4940-BCF1-0815A544190D}.Release|Any CPU.ActiveCfg = Release|Any CPU
		{11CD2D90-DEDF-4940-BCF1-0815A544190D}.Release|Any CPU.Build.0 = Release|Any CPU
	EndGlobalSection
	GlobalSection(SolutionProperties) = preSolution
		HideSolutionNode = FALSE
	EndGlobalSection
	GlobalSection(ExtensibilityGlobals) = postSolution
		SolutionGuid = {2339A6D1-A5BE-45CA-B2A3-B47BDE98BE8C}
	EndGlobalSection
EndGlobal
